
Microsoft Visual Studio Solution File, Format Version 12.00
# Visual Studio 15
VisualStudioVersion = 15.0.27703.1
MinimumVisualStudioVersion = 10.0.40219.1
Project("{FAE04EC0-301F-11D3-BF4B-00C04F79EFBC}") = "Interfases", "Interfases\Interfases.csproj", "{5CECC4FC-6699-4072-B3E8-2AA2E5F39600}"
EndProject
Global
	GlobalSection(SolutionConfigurationPlatforms) = preSolution
		Debug|Any CPU = Debug|Any CPU
		Release|Any CPU = Release|Any CPU
	EndGlobalSection
	GlobalSection(ProjectConfigurationPlatforms) = postSolution
		{5CECC4FC-6699-4072-B3E8-2AA2E5F39600}.Debug|Any CPU.ActiveCfg = Debug|Any CPU
		{5CECC4FC-6699-4072-B3E8-2AA2E5F39600}.Debug|Any CPU.Build.0 = Debug|Any CPU
		{5CECC4FC-6699-4072-B3E8-2AA2E5F39600}.Release|Any CPU.ActiveCfg = Release|Any CPU
		{5CECC4FC-6699-4072-B3E8-2AA2E5F39600}.Release|Any CPU.Build.0 = Release|Any CPU
	EndGlobalSection
	GlobalSection(SolutionProperties) = preSolution
		HideSolutionNode = FALSE
	EndGlobalSection
	GlobalSection(ExtensibilityGlobals) = postSolution
		SolutionGuid = {558BD2F1-E0CC-4513-AB5D-B87800219E34}
	EndGlobalSection
EndGlobal
